// !$*UTF8*$!
{
	archiveVersion = 1;
	classes = {
	};
	objectVersion = 55;
	objects = {

/* Begin PBXBuildFile section */
		190D28FA287D7D800035A1A4 /* Networking.framework in Frameworks */ = {isa = PBXBuildFile; fileRef = 190D28F9287D7D800035A1A4 /* Networking.framework */; };
		193C079B28240E09002F621C /* String+Ext.swift in Sources */ = {isa = PBXBuildFile; fileRef = 193C079A28240E09002F621C /* String+Ext.swift */; };
		193C079D282417F6002F621C /* AppAppearance.swift in Sources */ = {isa = PBXBuildFile; fileRef = 193C079C282417F6002F621C /* AppAppearance.swift */; };
		193C07A728242166002F621C /* BreedDetailContract.swift in Sources */ = {isa = PBXBuildFile; fileRef = 193C07A628242166002F621C /* BreedDetailContract.swift */; };
		193C07A9282421F9002F621C /* BreedDetailConfigurator.swift in Sources */ = {isa = PBXBuildFile; fileRef = 193C07A8282421F9002F621C /* BreedDetailConfigurator.swift */; };
		193C07AB28242205002F621C /* BreedDetailViewModel.swift in Sources */ = {isa = PBXBuildFile; fileRef = 193C07AA28242205002F621C /* BreedDetailViewModel.swift */; };
		193C07AD2825160A002F621C /* GetRandomBreedImage.swift in Sources */ = {isa = PBXBuildFile; fileRef = 193C07AC2825160A002F621C /* GetRandomBreedImage.swift */; };
		193C07B02825176D002F621C /* BreedDetailVC.swift in Sources */ = {isa = PBXBuildFile; fileRef = 193C07AF2825176D002F621C /* BreedDetailVC.swift */; };
		193C07B228251776002F621C /* BreedDetailVC.storyboard in Resources */ = {isa = PBXBuildFile; fileRef = 193C07B128251775002F621C /* BreedDetailVC.storyboard */; };
		193C07B528252987002F621C /* Nuke in Frameworks */ = {isa = PBXBuildFile; productRef = 193C07B428252987002F621C /* Nuke */; };
		193C07B828253644002F621C /* ColumnFlowLayout.swift in Sources */ = {isa = PBXBuildFile; fileRef = 193C07B728253644002F621C /* ColumnFlowLayout.swift */; };
		193C07BC28255E1D002F621C /* BreedImageCell.swift in Sources */ = {isa = PBXBuildFile; fileRef = 193C07BA28255E1D002F621C /* BreedImageCell.swift */; };
		193C07BD28255E1D002F621C /* BreedImageCell.xib in Resources */ = {isa = PBXBuildFile; fileRef = 193C07BB28255E1D002F621C /* BreedImageCell.xib */; };
		193C07BF28255E77002F621C /* ImageManager.swift in Sources */ = {isa = PBXBuildFile; fileRef = 193C07BE28255E77002F621C /* ImageManager.swift */; };
		1979935628266CBA003BE96C /* LoadScene.swift in Sources */ = {isa = PBXBuildFile; fileRef = 1979935428266CBA003BE96C /* LoadScene.swift */; };
		1979935728266CBA003BE96C /* AlertScene.swift in Sources */ = {isa = PBXBuildFile; fileRef = 1979935528266CBA003BE96C /* AlertScene.swift */; };
		1979935928266EAC003BE96C /* UIApplication+Extension.swift in Sources */ = {isa = PBXBuildFile; fileRef = 1979935828266EAC003BE96C /* UIApplication+Extension.swift */; };
		197993662827F6FC003BE96C /* BreedsListView.swift in Sources */ = {isa = PBXBuildFile; fileRef = 197993652827F6FC003BE96C /* BreedsListView.swift */; };
		1979936A2827F885003BE96C /* BreedsListItemViewModel.swift in Sources */ = {isa = PBXBuildFile; fileRef = 197993692827F885003BE96C /* BreedsListItemViewModel.swift */; };
		1979936F28291544003BE96C /* Observable.swift in Sources */ = {isa = PBXBuildFile; fileRef = 1979936E28291544003BE96C /* Observable.swift */; };
		19AE1F692823C54000B69DC1 /* DoggiesTests.swift in Sources */ = {isa = PBXBuildFile; fileRef = 19AE1F682823C54000B69DC1 /* DoggiesTests.swift */; };
		19AE1F732823C54000B69DC1 /* DoggiesUITests.swift in Sources */ = {isa = PBXBuildFile; fileRef = 19AE1F722823C54000B69DC1 /* DoggiesUITests.swift */; };
		19AE1F752823C54000B69DC1 /* DoggiesUITestsLaunchTests.swift in Sources */ = {isa = PBXBuildFile; fileRef = 19AE1F742823C54000B69DC1 /* DoggiesUITestsLaunchTests.swift */; };
		19AE20BA2823E94100B69DC1 /* AppCoordinator.swift in Sources */ = {isa = PBXBuildFile; fileRef = 19AE204C2823E94000B69DC1 /* AppCoordinator.swift */; };
		19AE20BB2823E94100B69DC1 /* CoordinatorProtocol.swift in Sources */ = {isa = PBXBuildFile; fileRef = 19AE204D2823E94000B69DC1 /* CoordinatorProtocol.swift */; };
		19AE20BC2823E94100B69DC1 /* BreedsCoordinator.swift in Sources */ = {isa = PBXBuildFile; fileRef = 19AE204E2823E94000B69DC1 /* BreedsCoordinator.swift */; };
		19AE20BD2823E94100B69DC1 /* BreedsListConfigurator.swift in Sources */ = {isa = PBXBuildFile; fileRef = 19AE20512823E94000B69DC1 /* BreedsListConfigurator.swift */; };
		19AE20BE2823E94100B69DC1 /* BreedsListVC.storyboard in Resources */ = {isa = PBXBuildFile; fileRef = 19AE20532823E94000B69DC1 /* BreedsListVC.storyboard */; };
		19AE20BF2823E94100B69DC1 /* BreedsListVC.swift in Sources */ = {isa = PBXBuildFile; fileRef = 19AE20542823E94000B69DC1 /* BreedsListVC.swift */; };
		19AE20C02823E94100B69DC1 /* BreedCell.xib in Resources */ = {isa = PBXBuildFile; fileRef = 19AE20562823E94000B69DC1 /* BreedCell.xib */; };
		19AE20C12823E94100B69DC1 /* BreedCell.swift in Sources */ = {isa = PBXBuildFile; fileRef = 19AE20572823E94000B69DC1 /* BreedCell.swift */; };
		19AE20C22823E94100B69DC1 /* BreedsListContract.swift in Sources */ = {isa = PBXBuildFile; fileRef = 19AE20582823E94000B69DC1 /* BreedsListContract.swift */; };
		19AE20C32823E94100B69DC1 /* BreedsListViewModel.swift in Sources */ = {isa = PBXBuildFile; fileRef = 19AE20592823E94000B69DC1 /* BreedsListViewModel.swift */; };
		19AE20CE2823E94100B69DC1 /* AppConfiguration.swift in Sources */ = {isa = PBXBuildFile; fileRef = 19AE20702823E94000B69DC1 /* AppConfiguration.swift */; };
		19AE20D02823E94100B69DC1 /* BreedRequest.swift in Sources */ = {isa = PBXBuildFile; fileRef = 19AE20742823E94000B69DC1 /* BreedRequest.swift */; };
		19AE20D32823E94100B69DC1 /* DefaultBreedsListRepository.swift in Sources */ = {isa = PBXBuildFile; fileRef = 19AE20782823E94000B69DC1 /* DefaultBreedsListRepository.swift */; };
		19AE20D42823E94100B69DC1 /* Localized.swift in Sources */ = {isa = PBXBuildFile; fileRef = 19AE207A2823E94000B69DC1 /* Localized.swift */; };
		19AE20D52823E94100B69DC1 /* Reusable.swift in Sources */ = {isa = PBXBuildFile; fileRef = 19AE207B2823E94000B69DC1 /* Reusable.swift */; };
		19AE20D62823E94100B69DC1 /* DebugPrint.swift in Sources */ = {isa = PBXBuildFile; fileRef = 19AE207C2823E94000B69DC1 /* DebugPrint.swift */; };
		19AE20D82823E94100B69DC1 /* UIStoryboard+Ext.swift in Sources */ = {isa = PBXBuildFile; fileRef = 19AE20802823E94000B69DC1 /* UIStoryboard+Ext.swift */; };
		19AE20D92823E94100B69DC1 /* UIView+Ext.swift in Sources */ = {isa = PBXBuildFile; fileRef = 19AE20812823E94000B69DC1 /* UIView+Ext.swift */; };
		19AE20DC2823E94100B69DC1 /* BreedsListRepository.swift in Sources */ = {isa = PBXBuildFile; fileRef = 19AE20872823E94000B69DC1 /* BreedsListRepository.swift */; };
		19AE20DE2823E94100B69DC1 /* GetBreedsUseCase.swift in Sources */ = {isa = PBXBuildFile; fileRef = 19AE208A2823E94000B69DC1 /* GetBreedsUseCase.swift */; };
		19AE20DF2823E94100B69DC1 /* ApiResponse.swift in Sources */ = {isa = PBXBuildFile; fileRef = 19AE208C2823E94000B69DC1 /* ApiResponse.swift */; };
		19AE20E22823E94100B69DC1 /* ViewConstants.swift in Sources */ = {isa = PBXBuildFile; fileRef = 19AE20912823E94100B69DC1 /* ViewConstants.swift */; };
		19AE20E32823E94100B69DC1 /* Colors.xcassets in Resources */ = {isa = PBXBuildFile; fileRef = 19AE20932823E94100B69DC1 /* Colors.xcassets */; };
		19AE20E42823E94100B69DC1 /* Colors.swift in Sources */ = {isa = PBXBuildFile; fileRef = 19AE20942823E94100B69DC1 /* Colors.swift */; };
		19AE20E62823E94100B69DC1 /* DMSans-Regular.ttf in Resources */ = {isa = PBXBuildFile; fileRef = 19AE20982823E94100B69DC1 /* DMSans-Regular.ttf */; };
		19AE20E72823E94100B69DC1 /* DMSans-Medium.ttf in Resources */ = {isa = PBXBuildFile; fileRef = 19AE20992823E94100B69DC1 /* DMSans-Medium.ttf */; };
		19AE20E82823E94100B69DC1 /* DMSans-Bold.ttf in Resources */ = {isa = PBXBuildFile; fileRef = 19AE209A2823E94100B69DC1 /* DMSans-Bold.ttf */; };
		19AE20E92823E94100B69DC1 /* DMSans-BoldItalic.ttf in Resources */ = {isa = PBXBuildFile; fileRef = 19AE209B2823E94100B69DC1 /* DMSans-BoldItalic.ttf */; };
		19AE20EA2823E94100B69DC1 /* DMSans-MediumItalic.ttf in Resources */ = {isa = PBXBuildFile; fileRef = 19AE209C2823E94100B69DC1 /* DMSans-MediumItalic.ttf */; };
		19AE20EB2823E94100B69DC1 /* DMSans-Italic.ttf in Resources */ = {isa = PBXBuildFile; fileRef = 19AE209D2823E94100B69DC1 /* DMSans-Italic.ttf */; };
		19AE20EC2823E94100B69DC1 /* Fonts.swift in Sources */ = {isa = PBXBuildFile; fileRef = 19AE209E2823E94100B69DC1 /* Fonts.swift */; };
		19AE20ED2823E94100B69DC1 /* Localizable.strings in Resources */ = {isa = PBXBuildFile; fileRef = 19AE20A02823E94100B69DC1 /* Localizable.strings */; };
		19AE20EE2823E94100B69DC1 /* Locales.swift in Sources */ = {isa = PBXBuildFile; fileRef = 19AE20A32823E94100B69DC1 /* Locales.swift */; };
		19AE20EF2823E94100B69DC1 /* Assets.xcassets in Resources */ = {isa = PBXBuildFile; fileRef = 19AE20A42823E94100B69DC1 /* Assets.xcassets */; };
		19AE20F02823E94100B69DC1 /* LaunchScreen.storyboard in Resources */ = {isa = PBXBuildFile; fileRef = 19AE20A52823E94100B69DC1 /* LaunchScreen.storyboard */; };
		19AE20FA2823E94100B69DC1 /* AppDelegate.swift in Sources */ = {isa = PBXBuildFile; fileRef = 19AE20B82823E94100B69DC1 /* AppDelegate.swift */; };
		19AE20FB2823E94100B69DC1 /* Application.swift in Sources */ = {isa = PBXBuildFile; fileRef = 19AE20B92823E94100B69DC1 /* Application.swift */; };
		19AE20FD2823E9FB00B69DC1 /* Breed.swift in Sources */ = {isa = PBXBuildFile; fileRef = 19AE20FC2823E9FB00B69DC1 /* Breed.swift */; };
/* End PBXBuildFile section */

/* Begin PBXContainerItemProxy section */
		19AE1F652823C54000B69DC1 /* PBXContainerItemProxy */ = {
			isa = PBXContainerItemProxy;
			containerPortal = 19AE1F462823C53F00B69DC1 /* Project object */;
			proxyType = 1;
			remoteGlobalIDString = 19AE1F4D2823C53F00B69DC1;
			remoteInfo = Doggies;
		};
		19AE1F6F2823C54000B69DC1 /* PBXContainerItemProxy */ = {
			isa = PBXContainerItemProxy;
			containerPortal = 19AE1F462823C53F00B69DC1 /* Project object */;
			proxyType = 1;
			remoteGlobalIDString = 19AE1F4D2823C53F00B69DC1;
			remoteInfo = Doggies;
		};
/* End PBXContainerItemProxy section */

/* Begin PBXFileReference section */
		190D2894287D7C1D0035A1A4 /* Networking.framework */ = {isa = PBXFileReference; explicitFileType = wrapper.framework; path = Networking.framework; sourceTree = BUILT_PRODUCTS_DIR; };
		190D28F9287D7D800035A1A4 /* Networking.framework */ = {isa = PBXFileReference; explicitFileType = wrapper.framework; path = Networking.framework; sourceTree = BUILT_PRODUCTS_DIR; };
		193C079A28240E09002F621C /* String+Ext.swift */ = {isa = PBXFileReference; lastKnownFileType = sourcecode.swift; path = "String+Ext.swift"; sourceTree = "<group>"; };
		193C079C282417F6002F621C /* AppAppearance.swift */ = {isa = PBXFileReference; fileEncoding = 4; lastKnownFileType = sourcecode.swift; path = AppAppearance.swift; sourceTree = "<group>"; };
		193C07A628242166002F621C /* BreedDetailContract.swift */ = {isa = PBXFileReference; lastKnownFileType = sourcecode.swift; path = BreedDetailContract.swift; sourceTree = "<group>"; };
		193C07A8282421F9002F621C /* BreedDetailConfigurator.swift */ = {isa = PBXFileReference; lastKnownFileType = sourcecode.swift; path = BreedDetailConfigurator.swift; sourceTree = "<group>"; };
		193C07AA28242205002F621C /* BreedDetailViewModel.swift */ = {isa = PBXFileReference; lastKnownFileType = sourcecode.swift; path = BreedDetailViewModel.swift; sourceTree = "<group>"; };
		193C07AC2825160A002F621C /* GetRandomBreedImage.swift */ = {isa = PBXFileReference; lastKnownFileType = sourcecode.swift; path = GetRandomBreedImage.swift; sourceTree = "<group>"; };
		193C07AF2825176D002F621C /* BreedDetailVC.swift */ = {isa = PBXFileReference; lastKnownFileType = sourcecode.swift; path = BreedDetailVC.swift; sourceTree = "<group>"; };
		193C07B128251775002F621C /* BreedDetailVC.storyboard */ = {isa = PBXFileReference; lastKnownFileType = file.storyboard; path = BreedDetailVC.storyboard; sourceTree = "<group>"; };
		193C07B728253644002F621C /* ColumnFlowLayout.swift */ = {isa = PBXFileReference; fileEncoding = 4; lastKnownFileType = sourcecode.swift; path = ColumnFlowLayout.swift; sourceTree = "<group>"; };
		193C07BA28255E1D002F621C /* BreedImageCell.swift */ = {isa = PBXFileReference; lastKnownFileType = sourcecode.swift; path = BreedImageCell.swift; sourceTree = "<group>"; };
		193C07BB28255E1D002F621C /* BreedImageCell.xib */ = {isa = PBXFileReference; lastKnownFileType = file.xib; path = BreedImageCell.xib; sourceTree = "<group>"; };
		193C07BE28255E77002F621C /* ImageManager.swift */ = {isa = PBXFileReference; fileEncoding = 4; lastKnownFileType = sourcecode.swift; path = ImageManager.swift; sourceTree = "<group>"; };
		1979935428266CBA003BE96C /* LoadScene.swift */ = {isa = PBXFileReference; fileEncoding = 4; lastKnownFileType = sourcecode.swift; path = LoadScene.swift; sourceTree = "<group>"; };
		1979935528266CBA003BE96C /* AlertScene.swift */ = {isa = PBXFileReference; fileEncoding = 4; lastKnownFileType = sourcecode.swift; path = AlertScene.swift; sourceTree = "<group>"; };
		1979935828266EAC003BE96C /* UIApplication+Extension.swift */ = {isa = PBXFileReference; fileEncoding = 4; lastKnownFileType = sourcecode.swift; path = "UIApplication+Extension.swift"; sourceTree = "<group>"; };
		197993652827F6FC003BE96C /* BreedsListView.swift */ = {isa = PBXFileReference; lastKnownFileType = sourcecode.swift; path = BreedsListView.swift; sourceTree = "<group>"; };
		197993692827F885003BE96C /* BreedsListItemViewModel.swift */ = {isa = PBXFileReference; lastKnownFileType = sourcecode.swift; path = BreedsListItemViewModel.swift; sourceTree = "<group>"; };
		1979936E28291544003BE96C /* Observable.swift */ = {isa = PBXFileReference; fileEncoding = 4; lastKnownFileType = sourcecode.swift; path = Observable.swift; sourceTree = "<group>"; };
		19AE1F4E2823C53F00B69DC1 /* Doggies.app */ = {isa = PBXFileReference; explicitFileType = wrapper.application; includeInIndex = 0; path = Doggies.app; sourceTree = BUILT_PRODUCTS_DIR; };
		19AE1F5F2823C54000B69DC1 /* Info.plist */ = {isa = PBXFileReference; lastKnownFileType = text.plist.xml; path = Info.plist; sourceTree = "<group>"; };
		19AE1F642823C54000B69DC1 /* DoggiesTests.xctest */ = {isa = PBXFileReference; explicitFileType = wrapper.cfbundle; includeInIndex = 0; path = DoggiesTests.xctest; sourceTree = BUILT_PRODUCTS_DIR; };
		19AE1F682823C54000B69DC1 /* DoggiesTests.swift */ = {isa = PBXFileReference; lastKnownFileType = sourcecode.swift; path = DoggiesTests.swift; sourceTree = "<group>"; };
		19AE1F6E2823C54000B69DC1 /* DoggiesUITests.xctest */ = {isa = PBXFileReference; explicitFileType = wrapper.cfbundle; includeInIndex = 0; path = DoggiesUITests.xctest; sourceTree = BUILT_PRODUCTS_DIR; };
		19AE1F722823C54000B69DC1 /* DoggiesUITests.swift */ = {isa = PBXFileReference; lastKnownFileType = sourcecode.swift; path = DoggiesUITests.swift; sourceTree = "<group>"; };
		19AE1F742823C54000B69DC1 /* DoggiesUITestsLaunchTests.swift */ = {isa = PBXFileReference; lastKnownFileType = sourcecode.swift; path = DoggiesUITestsLaunchTests.swift; sourceTree = "<group>"; };
		19AE204C2823E94000B69DC1 /* AppCoordinator.swift */ = {isa = PBXFileReference; fileEncoding = 4; lastKnownFileType = sourcecode.swift; path = AppCoordinator.swift; sourceTree = "<group>"; };
		19AE204D2823E94000B69DC1 /* CoordinatorProtocol.swift */ = {isa = PBXFileReference; fileEncoding = 4; lastKnownFileType = sourcecode.swift; path = CoordinatorProtocol.swift; sourceTree = "<group>"; };
		19AE204E2823E94000B69DC1 /* BreedsCoordinator.swift */ = {isa = PBXFileReference; fileEncoding = 4; lastKnownFileType = sourcecode.swift; path = BreedsCoordinator.swift; sourceTree = "<group>"; };
		19AE20512823E94000B69DC1 /* BreedsListConfigurator.swift */ = {isa = PBXFileReference; fileEncoding = 4; lastKnownFileType = sourcecode.swift; path = BreedsListConfigurator.swift; sourceTree = "<group>"; };
		19AE20532823E94000B69DC1 /* BreedsListVC.storyboard */ = {isa = PBXFileReference; fileEncoding = 4; lastKnownFileType = file.storyboard; path = BreedsListVC.storyboard; sourceTree = "<group>"; };
		19AE20542823E94000B69DC1 /* BreedsListVC.swift */ = {isa = PBXFileReference; fileEncoding = 4; lastKnownFileType = sourcecode.swift; path = BreedsListVC.swift; sourceTree = "<group>"; };
		19AE20562823E94000B69DC1 /* BreedCell.xib */ = {isa = PBXFileReference; fileEncoding = 4; lastKnownFileType = file.xib; path = BreedCell.xib; sourceTree = "<group>"; };
		19AE20572823E94000B69DC1 /* BreedCell.swift */ = {isa = PBXFileReference; fileEncoding = 4; lastKnownFileType = sourcecode.swift; path = BreedCell.swift; sourceTree = "<group>"; };
		19AE20582823E94000B69DC1 /* BreedsListContract.swift */ = {isa = PBXFileReference; fileEncoding = 4; lastKnownFileType = sourcecode.swift; path = BreedsListContract.swift; sourceTree = "<group>"; };
		19AE20592823E94000B69DC1 /* BreedsListViewModel.swift */ = {isa = PBXFileReference; fileEncoding = 4; lastKnownFileType = sourcecode.swift; path = BreedsListViewModel.swift; sourceTree = "<group>"; };
		19AE20702823E94000B69DC1 /* AppConfiguration.swift */ = {isa = PBXFileReference; fileEncoding = 4; lastKnownFileType = sourcecode.swift; path = AppConfiguration.swift; sourceTree = "<group>"; };
		19AE20742823E94000B69DC1 /* BreedRequest.swift */ = {isa = PBXFileReference; fileEncoding = 4; lastKnownFileType = sourcecode.swift; path = BreedRequest.swift; sourceTree = "<group>"; };
		19AE20782823E94000B69DC1 /* DefaultBreedsListRepository.swift */ = {isa = PBXFileReference; fileEncoding = 4; lastKnownFileType = sourcecode.swift; path = DefaultBreedsListRepository.swift; sourceTree = "<group>"; };
		19AE207A2823E94000B69DC1 /* Localized.swift */ = {isa = PBXFileReference; fileEncoding = 4; lastKnownFileType = sourcecode.swift; path = Localized.swift; sourceTree = "<group>"; };
		19AE207B2823E94000B69DC1 /* Reusable.swift */ = {isa = PBXFileReference; fileEncoding = 4; lastKnownFileType = sourcecode.swift; path = Reusable.swift; sourceTree = "<group>"; };
		19AE207C2823E94000B69DC1 /* DebugPrint.swift */ = {isa = PBXFileReference; fileEncoding = 4; lastKnownFileType = sourcecode.swift; path = DebugPrint.swift; sourceTree = "<group>"; };
		19AE20802823E94000B69DC1 /* UIStoryboard+Ext.swift */ = {isa = PBXFileReference; fileEncoding = 4; lastKnownFileType = sourcecode.swift; path = "UIStoryboard+Ext.swift"; sourceTree = "<group>"; };
		19AE20812823E94000B69DC1 /* UIView+Ext.swift */ = {isa = PBXFileReference; fileEncoding = 4; lastKnownFileType = sourcecode.swift; path = "UIView+Ext.swift"; sourceTree = "<group>"; };
		19AE20872823E94000B69DC1 /* BreedsListRepository.swift */ = {isa = PBXFileReference; fileEncoding = 4; lastKnownFileType = sourcecode.swift; path = BreedsListRepository.swift; sourceTree = "<group>"; };
		19AE208A2823E94000B69DC1 /* GetBreedsUseCase.swift */ = {isa = PBXFileReference; fileEncoding = 4; lastKnownFileType = sourcecode.swift; path = GetBreedsUseCase.swift; sourceTree = "<group>"; };
		19AE208C2823E94000B69DC1 /* ApiResponse.swift */ = {isa = PBXFileReference; fileEncoding = 4; lastKnownFileType = sourcecode.swift; path = ApiResponse.swift; sourceTree = "<group>"; };
		19AE20912823E94100B69DC1 /* ViewConstants.swift */ = {isa = PBXFileReference; fileEncoding = 4; lastKnownFileType = sourcecode.swift; path = ViewConstants.swift; sourceTree = "<group>"; };
		19AE20932823E94100B69DC1 /* Colors.xcassets */ = {isa = PBXFileReference; lastKnownFileType = folder.assetcatalog; path = Colors.xcassets; sourceTree = "<group>"; };
		19AE20942823E94100B69DC1 /* Colors.swift */ = {isa = PBXFileReference; fileEncoding = 4; lastKnownFileType = sourcecode.swift; path = Colors.swift; sourceTree = "<group>"; };
		19AE20982823E94100B69DC1 /* DMSans-Regular.ttf */ = {isa = PBXFileReference; lastKnownFileType = file; path = "DMSans-Regular.ttf"; sourceTree = "<group>"; };
		19AE20992823E94100B69DC1 /* DMSans-Medium.ttf */ = {isa = PBXFileReference; lastKnownFileType = file; path = "DMSans-Medium.ttf"; sourceTree = "<group>"; };
		19AE209A2823E94100B69DC1 /* DMSans-Bold.ttf */ = {isa = PBXFileReference; lastKnownFileType = file; path = "DMSans-Bold.ttf"; sourceTree = "<group>"; };
		19AE209B2823E94100B69DC1 /* DMSans-BoldItalic.ttf */ = {isa = PBXFileReference; lastKnownFileType = file; path = "DMSans-BoldItalic.ttf"; sourceTree = "<group>"; };
		19AE209C2823E94100B69DC1 /* DMSans-MediumItalic.ttf */ = {isa = PBXFileReference; lastKnownFileType = file; path = "DMSans-MediumItalic.ttf"; sourceTree = "<group>"; };
		19AE209D2823E94100B69DC1 /* DMSans-Italic.ttf */ = {isa = PBXFileReference; lastKnownFileType = file; path = "DMSans-Italic.ttf"; sourceTree = "<group>"; };
		19AE209E2823E94100B69DC1 /* Fonts.swift */ = {isa = PBXFileReference; fileEncoding = 4; lastKnownFileType = sourcecode.swift; path = Fonts.swift; sourceTree = "<group>"; };
		19AE20A12823E94100B69DC1 /* en */ = {isa = PBXFileReference; lastKnownFileType = text.plist.strings; name = en; path = en.lproj/Localizable.strings; sourceTree = "<group>"; };
		19AE20A22823E94100B69DC1 /* es */ = {isa = PBXFileReference; lastKnownFileType = text.plist.strings; name = es; path = es.lproj/Localizable.strings; sourceTree = "<group>"; };
		19AE20A32823E94100B69DC1 /* Locales.swift */ = {isa = PBXFileReference; fileEncoding = 4; lastKnownFileType = sourcecode.swift; path = Locales.swift; sourceTree = "<group>"; };
		19AE20A42823E94100B69DC1 /* Assets.xcassets */ = {isa = PBXFileReference; lastKnownFileType = folder.assetcatalog; path = Assets.xcassets; sourceTree = "<group>"; };
		19AE20A62823E94100B69DC1 /* Base */ = {isa = PBXFileReference; lastKnownFileType = file.storyboard; name = Base; path = Base.lproj/LaunchScreen.storyboard; sourceTree = "<group>"; };
		19AE20B82823E94100B69DC1 /* AppDelegate.swift */ = {isa = PBXFileReference; fileEncoding = 4; lastKnownFileType = sourcecode.swift; path = AppDelegate.swift; sourceTree = "<group>"; };
		19AE20B92823E94100B69DC1 /* Application.swift */ = {isa = PBXFileReference; fileEncoding = 4; lastKnownFileType = sourcecode.swift; path = Application.swift; sourceTree = "<group>"; };
		19AE20FC2823E9FB00B69DC1 /* Breed.swift */ = {isa = PBXFileReference; fileEncoding = 4; lastKnownFileType = sourcecode.swift; path = Breed.swift; sourceTree = "<group>"; };
/* End PBXFileReference section */

/* Begin PBXFrameworksBuildPhase section */
		19AE1F4B2823C53F00B69DC1 /* Frameworks */ = {
			isa = PBXFrameworksBuildPhase;
			buildActionMask = 2147483647;
			files = (
				190D28FA287D7D800035A1A4 /* Networking.framework in Frameworks */,
				193C07B528252987002F621C /* Nuke in Frameworks */,
			);
			runOnlyForDeploymentPostprocessing = 0;
		};
		19AE1F612823C54000B69DC1 /* Frameworks */ = {
			isa = PBXFrameworksBuildPhase;
			buildActionMask = 2147483647;
			files = (
			);
			runOnlyForDeploymentPostprocessing = 0;
		};
		19AE1F6B2823C54000B69DC1 /* Frameworks */ = {
			isa = PBXFrameworksBuildPhase;
			buildActionMask = 2147483647;
			files = (
			);
			runOnlyForDeploymentPostprocessing = 0;
		};
/* End PBXFrameworksBuildPhase section */

/* Begin PBXGroup section */
		190D2893287D7C1D0035A1A4 /* Frameworks */ = {
			isa = PBXGroup;
			children = (
				190D28F9287D7D800035A1A4 /* Networking.framework */,
				190D2894287D7C1D0035A1A4 /* Networking.framework */,
			);
			name = Frameworks;
			sourceTree = "<group>";
		};
		193C07A528241C93002F621C /* BreedDetail */ = {
			isa = PBXGroup;
			children = (
				193C07A628242166002F621C /* BreedDetailContract.swift */,
				193C07A8282421F9002F621C /* BreedDetailConfigurator.swift */,
				193C07AA28242205002F621C /* BreedDetailViewModel.swift */,
				193C07AE28251764002F621C /* View */,
			);
			path = BreedDetail;
			sourceTree = "<group>";
		};
		193C07AE28251764002F621C /* View */ = {
			isa = PBXGroup;
			children = (
				193C07B928255E0B002F621C /* Cell */,
				193C07AF2825176D002F621C /* BreedDetailVC.swift */,
				193C07B128251775002F621C /* BreedDetailVC.storyboard */,
			);
			path = View;
			sourceTree = "<group>";
		};
		193C07B628253635002F621C /* FlowLayout */ = {
			isa = PBXGroup;
			children = (
				193C07B728253644002F621C /* ColumnFlowLayout.swift */,
			);
			path = FlowLayout;
			sourceTree = "<group>";
		};
		193C07B928255E0B002F621C /* Cell */ = {
			isa = PBXGroup;
			children = (
				193C07BA28255E1D002F621C /* BreedImageCell.swift */,
				193C07BB28255E1D002F621C /* BreedImageCell.xib */,
			);
			path = Cell;
			sourceTree = "<group>";
		};
		1979935128266C8D003BE96C /* Protocols */ = {
			isa = PBXGroup;
			children = (
				1979935528266CBA003BE96C /* AlertScene.swift */,
				1979935428266CBA003BE96C /* LoadScene.swift */,
			);
			path = Protocols;
			sourceTree = "<group>";
		};
		197993632827F6D8003BE96C /* UIKit */ = {
			isa = PBXGroup;
			children = (
				19AE20542823E94000B69DC1 /* BreedsListVC.swift */,
				19AE20532823E94000B69DC1 /* BreedsListVC.storyboard */,
				19AE20552823E94000B69DC1 /* BookingCell */,
			);
			path = UIKit;
			sourceTree = "<group>";
		};
		197993642827F6E2003BE96C /* SwiftUI */ = {
			isa = PBXGroup;
			children = (
				197993652827F6FC003BE96C /* BreedsListView.swift */,
			);
			path = SwiftUI;
			sourceTree = "<group>";
		};
		197993672827F70C003BE96C /* View */ = {
			isa = PBXGroup;
			children = (
				197993642827F6E2003BE96C /* SwiftUI */,
				197993632827F6D8003BE96C /* UIKit */,
			);
			path = View;
			sourceTree = "<group>";
		};
		197993682827F872003BE96C /* ViewModel */ = {
			isa = PBXGroup;
			children = (
				19AE20592823E94000B69DC1 /* BreedsListViewModel.swift */,
				197993692827F885003BE96C /* BreedsListItemViewModel.swift */,
			);
			path = ViewModel;
			sourceTree = "<group>";
		};
		1979936D28291537003BE96C /* Utils */ = {
			isa = PBXGroup;
			children = (
				1979936E28291544003BE96C /* Observable.swift */,
			);
			path = Utils;
			sourceTree = "<group>";
		};
		19AE1F452823C53F00B69DC1 = {
			isa = PBXGroup;
			children = (
				19AE1F502823C53F00B69DC1 /* Doggies */,
				19AE1F672823C54000B69DC1 /* DoggiesTests */,
				19AE1F712823C54000B69DC1 /* DoggiesUITests */,
				19AE1F4F2823C53F00B69DC1 /* Products */,
				190D2893287D7C1D0035A1A4 /* Frameworks */,
			);
			sourceTree = "<group>";
		};
		19AE1F4F2823C53F00B69DC1 /* Products */ = {
			isa = PBXGroup;
			children = (
				19AE1F4E2823C53F00B69DC1 /* Doggies.app */,
				19AE1F642823C54000B69DC1 /* DoggiesTests.xctest */,
				19AE1F6E2823C54000B69DC1 /* DoggiesUITests.xctest */,
			);
			name = Products;
			sourceTree = "<group>";
		};
		19AE1F502823C53F00B69DC1 /* Doggies */ = {
			isa = PBXGroup;
			children = (
				19AE20B62823E94100B69DC1 /* Application */,
				19AE204A2823E94000B69DC1 /* Presentation */,
				19AE20832823E94000B69DC1 /* Domain */,
				19AE206F2823E94000B69DC1 /* Data */,
				19AE207F2823E94000B69DC1 /* Extensions */,
				19AE208F2823E94100B69DC1 /* Resources */,
				19AE20792823E94000B69DC1 /* Utils */,
				19AE1F5F2823C54000B69DC1 /* Info.plist */,
			);
			path = Doggies;
			sourceTree = "<group>";
		};
		19AE1F672823C54000B69DC1 /* DoggiesTests */ = {
			isa = PBXGroup;
			children = (
				19AE1F682823C54000B69DC1 /* DoggiesTests.swift */,
			);
			path = DoggiesTests;
			sourceTree = "<group>";
		};
		19AE1F712823C54000B69DC1 /* DoggiesUITests */ = {
			isa = PBXGroup;
			children = (
				19AE1F722823C54000B69DC1 /* DoggiesUITests.swift */,
				19AE1F742823C54000B69DC1 /* DoggiesUITestsLaunchTests.swift */,
			);
			path = DoggiesUITests;
			sourceTree = "<group>";
		};
		19AE204A2823E94000B69DC1 /* Presentation */ = {
			isa = PBXGroup;
			children = (
				19AE204B2823E94000B69DC1 /* Coordinators */,
				19AE204F2823E94000B69DC1 /* Scenes */,
				1979936D28291537003BE96C /* Utils */,
				19AE20A52823E94100B69DC1 /* LaunchScreen.storyboard */,
			);
			path = Presentation;
			sourceTree = "<group>";
		};
		19AE204B2823E94000B69DC1 /* Coordinators */ = {
			isa = PBXGroup;
			children = (
				1979935128266C8D003BE96C /* Protocols */,
				19AE204C2823E94000B69DC1 /* AppCoordinator.swift */,
				19AE204D2823E94000B69DC1 /* CoordinatorProtocol.swift */,
				19AE204E2823E94000B69DC1 /* BreedsCoordinator.swift */,
			);
			path = Coordinators;
			sourceTree = "<group>";
		};
		19AE204F2823E94000B69DC1 /* Scenes */ = {
			isa = PBXGroup;
			children = (
				19AE20502823E94000B69DC1 /* BreedsList */,
				193C07A528241C93002F621C /* BreedDetail */,
			);
			path = Scenes;
			sourceTree = "<group>";
		};
		19AE20502823E94000B69DC1 /* BreedsList */ = {
			isa = PBXGroup;
			children = (
				19AE20582823E94000B69DC1 /* BreedsListContract.swift */,
				19AE20512823E94000B69DC1 /* BreedsListConfigurator.swift */,
				197993682827F872003BE96C /* ViewModel */,
				197993672827F70C003BE96C /* View */,
			);
			path = BreedsList;
			sourceTree = "<group>";
		};
		19AE20552823E94000B69DC1 /* BookingCell */ = {
			isa = PBXGroup;
			children = (
				19AE20572823E94000B69DC1 /* BreedCell.swift */,
				19AE20562823E94000B69DC1 /* BreedCell.xib */,
			);
			path = BookingCell;
			sourceTree = "<group>";
		};
		19AE206F2823E94000B69DC1 /* Data */ = {
			isa = PBXGroup;
			children = (
				19AE20702823E94000B69DC1 /* AppConfiguration.swift */,
				19AE20712823E94000B69DC1 /* Network */,
				19AE20772823E94000B69DC1 /* Repositories */,
			);
			path = Data;
			sourceTree = "<group>";
		};
		19AE20712823E94000B69DC1 /* Network */ = {
			isa = PBXGroup;
			children = (
				19AE20722823E94000B69DC1 /* Requests */,
			);
			path = Network;
			sourceTree = "<group>";
		};
		19AE20722823E94000B69DC1 /* Requests */ = {
			isa = PBXGroup;
			children = (
				19AE20742823E94000B69DC1 /* BreedRequest.swift */,
			);
			path = Requests;
			sourceTree = "<group>";
		};
		19AE20772823E94000B69DC1 /* Repositories */ = {
			isa = PBXGroup;
			children = (
				19AE20782823E94000B69DC1 /* DefaultBreedsListRepository.swift */,
			);
			path = Repositories;
			sourceTree = "<group>";
		};
		19AE20792823E94000B69DC1 /* Utils */ = {
			isa = PBXGroup;
			children = (
				193C07B628253635002F621C /* FlowLayout */,
				19AE21002823F81000B69DC1 /* List */,
				193C07BE28255E77002F621C /* ImageManager.swift */,
				19AE207A2823E94000B69DC1 /* Localized.swift */,
				19AE207B2823E94000B69DC1 /* Reusable.swift */,
				19AE207C2823E94000B69DC1 /* DebugPrint.swift */,
			);
			path = Utils;
			sourceTree = "<group>";
		};
		19AE207F2823E94000B69DC1 /* Extensions */ = {
			isa = PBXGroup;
			children = (
				1979935828266EAC003BE96C /* UIApplication+Extension.swift */,
				19AE20802823E94000B69DC1 /* UIStoryboard+Ext.swift */,
				19AE20812823E94000B69DC1 /* UIView+Ext.swift */,
				193C079A28240E09002F621C /* String+Ext.swift */,
			);
			path = Extensions;
			sourceTree = "<group>";
		};
		19AE20832823E94000B69DC1 /* Domain */ = {
			isa = PBXGroup;
			children = (
				19AE20862823E94000B69DC1 /* Repositories */,
				19AE20882823E94000B69DC1 /* UseCases */,
				19AE208B2823E94000B69DC1 /* Entities */,
			);
			path = Domain;
			sourceTree = "<group>";
		};
		19AE20862823E94000B69DC1 /* Repositories */ = {
			isa = PBXGroup;
			children = (
				19AE20872823E94000B69DC1 /* BreedsListRepository.swift */,
			);
			path = Repositories;
			sourceTree = "<group>";
		};
		19AE20882823E94000B69DC1 /* UseCases */ = {
			isa = PBXGroup;
			children = (
				19AE208A2823E94000B69DC1 /* GetBreedsUseCase.swift */,
				193C07AC2825160A002F621C /* GetRandomBreedImage.swift */,
			);
			path = UseCases;
			sourceTree = "<group>";
		};
		19AE208B2823E94000B69DC1 /* Entities */ = {
			isa = PBXGroup;
			children = (
				19AE208C2823E94000B69DC1 /* ApiResponse.swift */,
				19AE20FC2823E9FB00B69DC1 /* Breed.swift */,
			);
			path = Entities;
			sourceTree = "<group>";
		};
		19AE208F2823E94100B69DC1 /* Resources */ = {
			isa = PBXGroup;
			children = (
				19AE20902823E94100B69DC1 /* DesignSystem */,
				19AE209F2823E94100B69DC1 /* Locales */,
				19AE20A42823E94100B69DC1 /* Assets.xcassets */,
			);
			path = Resources;
			sourceTree = "<group>";
		};
		19AE20902823E94100B69DC1 /* DesignSystem */ = {
			isa = PBXGroup;
			children = (
				19AE20912823E94100B69DC1 /* ViewConstants.swift */,
				19AE20922823E94100B69DC1 /* Colors */,
				19AE20962823E94100B69DC1 /* Fonts */,
			);
			path = DesignSystem;
			sourceTree = "<group>";
		};
		19AE20922823E94100B69DC1 /* Colors */ = {
			isa = PBXGroup;
			children = (
				19AE20932823E94100B69DC1 /* Colors.xcassets */,
				19AE20942823E94100B69DC1 /* Colors.swift */,
			);
			path = Colors;
			sourceTree = "<group>";
		};
		19AE20962823E94100B69DC1 /* Fonts */ = {
			isa = PBXGroup;
			children = (
				19AE20972823E94100B69DC1 /* DMSans */,
				19AE209E2823E94100B69DC1 /* Fonts.swift */,
			);
			path = Fonts;
			sourceTree = "<group>";
		};
		19AE20972823E94100B69DC1 /* DMSans */ = {
			isa = PBXGroup;
			children = (
				19AE20982823E94100B69DC1 /* DMSans-Regular.ttf */,
				19AE20992823E94100B69DC1 /* DMSans-Medium.ttf */,
				19AE209A2823E94100B69DC1 /* DMSans-Bold.ttf */,
				19AE209B2823E94100B69DC1 /* DMSans-BoldItalic.ttf */,
				19AE209C2823E94100B69DC1 /* DMSans-MediumItalic.ttf */,
				19AE209D2823E94100B69DC1 /* DMSans-Italic.ttf */,
			);
			path = DMSans;
			sourceTree = "<group>";
		};
		19AE209F2823E94100B69DC1 /* Locales */ = {
			isa = PBXGroup;
			children = (
				19AE20A02823E94100B69DC1 /* Localizable.strings */,
				19AE20A32823E94100B69DC1 /* Locales.swift */,
			);
			path = Locales;
			sourceTree = "<group>";
		};
		19AE20B62823E94100B69DC1 /* Application */ = {
			isa = PBXGroup;
			children = (
				19AE20B82823E94100B69DC1 /* AppDelegate.swift */,
				19AE20B92823E94100B69DC1 /* Application.swift */,
				193C079C282417F6002F621C /* AppAppearance.swift */,
			);
			path = Application;
			sourceTree = "<group>";
		};
		19AE21002823F81000B69DC1 /* List */ = {
			isa = PBXGroup;
			children = (
			);
			path = List;
			sourceTree = "<group>";
		};
/* End PBXGroup section */

/* Begin PBXNativeTarget section */
		19AE1F4D2823C53F00B69DC1 /* Doggies */ = {
			isa = PBXNativeTarget;
			buildConfigurationList = 19AE1F782823C54000B69DC1 /* Build configuration list for PBXNativeTarget "Doggies" */;
			buildPhases = (
				19AE1F4A2823C53F00B69DC1 /* Sources */,
				19AE1F4B2823C53F00B69DC1 /* Frameworks */,
				19AE1F4C2823C53F00B69DC1 /* Resources */,
			);
			buildRules = (
			);
			dependencies = (
			);
			name = Doggies;
			packageProductDependencies = (
				193C07B428252987002F621C /* Nuke */,
			);
			productName = Doggies;
			productReference = 19AE1F4E2823C53F00B69DC1 /* Doggies.app */;
			productType = "com.apple.product-type.application";
		};
		19AE1F632823C54000B69DC1 /* DoggiesTests */ = {
			isa = PBXNativeTarget;
			buildConfigurationList = 19AE1F7B2823C54000B69DC1 /* Build configuration list for PBXNativeTarget "DoggiesTests" */;
			buildPhases = (
				19AE1F602823C54000B69DC1 /* Sources */,
				19AE1F612823C54000B69DC1 /* Frameworks */,
				19AE1F622823C54000B69DC1 /* Resources */,
			);
			buildRules = (
			);
			dependencies = (
				19AE1F662823C54000B69DC1 /* PBXTargetDependency */,
			);
			name = DoggiesTests;
			productName = DoggiesTests;
			productReference = 19AE1F642823C54000B69DC1 /* DoggiesTests.xctest */;
			productType = "com.apple.product-type.bundle.unit-test";
		};
		19AE1F6D2823C54000B69DC1 /* DoggiesUITests */ = {
			isa = PBXNativeTarget;
			buildConfigurationList = 19AE1F7E2823C54000B69DC1 /* Build configuration list for PBXNativeTarget "DoggiesUITests" */;
			buildPhases = (
				19AE1F6A2823C54000B69DC1 /* Sources */,
				19AE1F6B2823C54000B69DC1 /* Frameworks */,
				19AE1F6C2823C54000B69DC1 /* Resources */,
			);
			buildRules = (
			);
			dependencies = (
				19AE1F702823C54000B69DC1 /* PBXTargetDependency */,
			);
			name = DoggiesUITests;
			productName = DoggiesUITests;
			productReference = 19AE1F6E2823C54000B69DC1 /* DoggiesUITests.xctest */;
			productType = "com.apple.product-type.bundle.ui-testing";
		};
/* End PBXNativeTarget section */

/* Begin PBXProject section */
		19AE1F462823C53F00B69DC1 /* Project object */ = {
			isa = PBXProject;
			attributes = {
				BuildIndependentTargetsInParallel = 1;
				LastSwiftUpdateCheck = 1320;
				LastUpgradeCheck = 1340;
				TargetAttributes = {
					19AE1F4D2823C53F00B69DC1 = {
						CreatedOnToolsVersion = 13.2.1;
					};
					19AE1F632823C54000B69DC1 = {
						CreatedOnToolsVersion = 13.2.1;
						TestTargetID = 19AE1F4D2823C53F00B69DC1;
					};
					19AE1F6D2823C54000B69DC1 = {
						CreatedOnToolsVersion = 13.2.1;
						TestTargetID = 19AE1F4D2823C53F00B69DC1;
					};
				};
			};
			buildConfigurationList = 19AE1F492823C53F00B69DC1 /* Build configuration list for PBXProject "Doggies" */;
			compatibilityVersion = "Xcode 13.0";
			developmentRegion = en;
			hasScannedForEncodings = 0;
			knownRegions = (
				en,
				Base,
				es,
			);
			mainGroup = 19AE1F452823C53F00B69DC1;
			packageReferences = (
				193C07B328252987002F621C /* XCRemoteSwiftPackageReference "Nuke" */,
			);
			productRefGroup = 19AE1F4F2823C53F00B69DC1 /* Products */;
			projectDirPath = "";
			projectRoot = "";
			targets = (
				19AE1F4D2823C53F00B69DC1 /* Doggies */,
				19AE1F632823C54000B69DC1 /* DoggiesTests */,
				19AE1F6D2823C54000B69DC1 /* DoggiesUITests */,
			);
		};
/* End PBXProject section */

/* Begin PBXResourcesBuildPhase section */
		19AE1F4C2823C53F00B69DC1 /* Resources */ = {
			isa = PBXResourcesBuildPhase;
			buildActionMask = 2147483647;
			files = (
				19AE20E32823E94100B69DC1 /* Colors.xcassets in Resources */,
				19AE20ED2823E94100B69DC1 /* Localizable.strings in Resources */,
				19AE20E72823E94100B69DC1 /* DMSans-Medium.ttf in Resources */,
				19AE20C02823E94100B69DC1 /* BreedCell.xib in Resources */,
				19AE20EA2823E94100B69DC1 /* DMSans-MediumItalic.ttf in Resources */,
				19AE20EF2823E94100B69DC1 /* Assets.xcassets in Resources */,
				19AE20E62823E94100B69DC1 /* DMSans-Regular.ttf in Resources */,
				193C07B228251776002F621C /* BreedDetailVC.storyboard in Resources */,
				19AE20E92823E94100B69DC1 /* DMSans-BoldItalic.ttf in Resources */,
				19AE20EB2823E94100B69DC1 /* DMSans-Italic.ttf in Resources */,
				19AE20BE2823E94100B69DC1 /* BreedsListVC.storyboard in Resources */,
				19AE20F02823E94100B69DC1 /* LaunchScreen.storyboard in Resources */,
				19AE20E82823E94100B69DC1 /* DMSans-Bold.ttf in Resources */,
				193C07BD28255E1D002F621C /* BreedImageCell.xib in Resources */,
			);
			runOnlyForDeploymentPostprocessing = 0;
		};
		19AE1F622823C54000B69DC1 /* Resources */ = {
			isa = PBXResourcesBuildPhase;
			buildActionMask = 2147483647;
			files = (
			);
			runOnlyForDeploymentPostprocessing = 0;
		};
		19AE1F6C2823C54000B69DC1 /* Resources */ = {
			isa = PBXResourcesBuildPhase;
			buildActionMask = 2147483647;
			files = (
			);
			runOnlyForDeploymentPostprocessing = 0;
		};
/* End PBXResourcesBuildPhase section */

/* Begin PBXSourcesBuildPhase section */
		19AE1F4A2823C53F00B69DC1 /* Sources */ = {
			isa = PBXSourcesBuildPhase;
			buildActionMask = 2147483647;
			files = (
				1979936F28291544003BE96C /* Observable.swift in Sources */,
				19AE20C12823E94100B69DC1 /* BreedCell.swift in Sources */,
				1979935728266CBA003BE96C /* AlertScene.swift in Sources */,
				193C079D282417F6002F621C /* AppAppearance.swift in Sources */,
				19AE20DE2823E94100B69DC1 /* GetBreedsUseCase.swift in Sources */,
				193C07AD2825160A002F621C /* GetRandomBreedImage.swift in Sources */,
				19AE20D92823E94100B69DC1 /* UIView+Ext.swift in Sources */,
				19AE20D82823E94100B69DC1 /* UIStoryboard+Ext.swift in Sources */,
				19AE20CE2823E94100B69DC1 /* AppConfiguration.swift in Sources */,
				197993662827F6FC003BE96C /* BreedsListView.swift in Sources */,
				19AE20C32823E94100B69DC1 /* BreedsListViewModel.swift in Sources */,
				19AE20FA2823E94100B69DC1 /* AppDelegate.swift in Sources */,
				193C07AB28242205002F621C /* BreedDetailViewModel.swift in Sources */,
				19AE20BB2823E94100B69DC1 /* CoordinatorProtocol.swift in Sources */,
				19AE20D62823E94100B69DC1 /* DebugPrint.swift in Sources */,
				19AE20D02823E94100B69DC1 /* BreedRequest.swift in Sources */,
				193C07B02825176D002F621C /* BreedDetailVC.swift in Sources */,
				1979935628266CBA003BE96C /* LoadScene.swift in Sources */,
				1979936A2827F885003BE96C /* BreedsListItemViewModel.swift in Sources */,
				19AE20E22823E94100B69DC1 /* ViewConstants.swift in Sources */,
				193C07BC28255E1D002F621C /* BreedImageCell.swift in Sources */,
				19AE20EC2823E94100B69DC1 /* Fonts.swift in Sources */,
				19AE20FB2823E94100B69DC1 /* Application.swift in Sources */,
				19AE20C22823E94100B69DC1 /* BreedsListContract.swift in Sources */,
				19AE20DC2823E94100B69DC1 /* BreedsListRepository.swift in Sources */,
				19AE20D52823E94100B69DC1 /* Reusable.swift in Sources */,
				193C079B28240E09002F621C /* String+Ext.swift in Sources */,
				193C07A9282421F9002F621C /* BreedDetailConfigurator.swift in Sources */,
				19AE20EE2823E94100B69DC1 /* Locales.swift in Sources */,
				193C07B828253644002F621C /* ColumnFlowLayout.swift in Sources */,
				193C07BF28255E77002F621C /* ImageManager.swift in Sources */,
				19AE20BC2823E94100B69DC1 /* BreedsCoordinator.swift in Sources */,
				19AE20BA2823E94100B69DC1 /* AppCoordinator.swift in Sources */,
				193C07A728242166002F621C /* BreedDetailContract.swift in Sources */,
				19AE20FD2823E9FB00B69DC1 /* Breed.swift in Sources */,
				19AE20D32823E94100B69DC1 /* DefaultBreedsListRepository.swift in Sources */,
				1979935928266EAC003BE96C /* UIApplication+Extension.swift in Sources */,
				19AE20BD2823E94100B69DC1 /* BreedsListConfigurator.swift in Sources */,
				19AE20DF2823E94100B69DC1 /* ApiResponse.swift in Sources */,
				19AE20E42823E94100B69DC1 /* Colors.swift in Sources */,
				19AE20BF2823E94100B69DC1 /* BreedsListVC.swift in Sources */,
				19AE20D42823E94100B69DC1 /* Localized.swift in Sources */,
			);
			runOnlyForDeploymentPostprocessing = 0;
		};
		19AE1F602823C54000B69DC1 /* Sources */ = {
			isa = PBXSourcesBuildPhase;
			buildActionMask = 2147483647;
			files = (
				19AE1F692823C54000B69DC1 /* DoggiesTests.swift in Sources */,
			);
			runOnlyForDeploymentPostprocessing = 0;
		};
		19AE1F6A2823C54000B69DC1 /* Sources */ = {
			isa = PBXSourcesBuildPhase;
			buildActionMask = 2147483647;
			files = (
				19AE1F732823C54000B69DC1 /* DoggiesUITests.swift in Sources */,
				19AE1F752823C54000B69DC1 /* DoggiesUITestsLaunchTests.swift in Sources */,
			);
			runOnlyForDeploymentPostprocessing = 0;
		};
/* End PBXSourcesBuildPhase section */

/* Begin PBXTargetDependency section */
		19AE1F662823C54000B69DC1 /* PBXTargetDependency */ = {
			isa = PBXTargetDependency;
			target = 19AE1F4D2823C53F00B69DC1 /* Doggies */;
			targetProxy = 19AE1F652823C54000B69DC1 /* PBXContainerItemProxy */;
		};
		19AE1F702823C54000B69DC1 /* PBXTargetDependency */ = {
			isa = PBXTargetDependency;
			target = 19AE1F4D2823C53F00B69DC1 /* Doggies */;
			targetProxy = 19AE1F6F2823C54000B69DC1 /* PBXContainerItemProxy */;
		};
/* End PBXTargetDependency section */

/* Begin PBXVariantGroup section */
		19AE20A02823E94100B69DC1 /* Localizable.strings */ = {
			isa = PBXVariantGroup;
			children = (
				19AE20A12823E94100B69DC1 /* en */,
				19AE20A22823E94100B69DC1 /* es */,
			);
			name = Localizable.strings;
			sourceTree = "<group>";
		};
		19AE20A52823E94100B69DC1 /* LaunchScreen.storyboard */ = {
			isa = PBXVariantGroup;
			children = (
				19AE20A62823E94100B69DC1 /* Base */,
			);
			name = LaunchScreen.storyboard;
			sourceTree = "<group>";
		};
/* End PBXVariantGroup section */

/* Begin XCBuildConfiguration section */
		19AE1F762823C54000B69DC1 /* Debug */ = {
			isa = XCBuildConfiguration;
			buildSettings = {
				ALWAYS_SEARCH_USER_PATHS = NO;
				CLANG_ANALYZER_LOCALIZABILITY_NONLOCALIZED = YES;
				CLANG_ANALYZER_NONNULL = YES;
				CLANG_ANALYZER_NUMBER_OBJECT_CONVERSION = YES_AGGRESSIVE;
				CLANG_CXX_LANGUAGE_STANDARD = "gnu++17";
				CLANG_CXX_LIBRARY = "libc++";
				CLANG_ENABLE_MODULES = YES;
				CLANG_ENABLE_OBJC_ARC = YES;
				CLANG_ENABLE_OBJC_WEAK = YES;
				CLANG_WARN_BLOCK_CAPTURE_AUTORELEASING = YES;
				CLANG_WARN_BOOL_CONVERSION = YES;
				CLANG_WARN_COMMA = YES;
				CLANG_WARN_CONSTANT_CONVERSION = YES;
				CLANG_WARN_DEPRECATED_OBJC_IMPLEMENTATIONS = YES;
				CLANG_WARN_DIRECT_OBJC_ISA_USAGE = YES_ERROR;
				CLANG_WARN_DOCUMENTATION_COMMENTS = YES;
				CLANG_WARN_EMPTY_BODY = YES;
				CLANG_WARN_ENUM_CONVERSION = YES;
				CLANG_WARN_INFINITE_RECURSION = YES;
				CLANG_WARN_INT_CONVERSION = YES;
				CLANG_WARN_NON_LITERAL_NULL_CONVERSION = YES;
				CLANG_WARN_OBJC_IMPLICIT_RETAIN_SELF = YES;
				CLANG_WARN_OBJC_LITERAL_CONVERSION = YES;
				CLANG_WARN_OBJC_ROOT_CLASS = YES_ERROR;
				CLANG_WARN_QUOTED_INCLUDE_IN_FRAMEWORK_HEADER = YES;
				CLANG_WARN_RANGE_LOOP_ANALYSIS = YES;
				CLANG_WARN_STRICT_PROTOTYPES = YES;
				CLANG_WARN_SUSPICIOUS_MOVE = YES;
				CLANG_WARN_UNGUARDED_AVAILABILITY = YES_AGGRESSIVE;
				CLANG_WARN_UNREACHABLE_CODE = YES;
				CLANG_WARN__DUPLICATE_METHOD_MATCH = YES;
				COPY_PHASE_STRIP = NO;
				DEBUG_INFORMATION_FORMAT = dwarf;
				ENABLE_STRICT_OBJC_MSGSEND = YES;
				ENABLE_TESTABILITY = YES;
				GCC_C_LANGUAGE_STANDARD = gnu11;
				GCC_DYNAMIC_NO_PIC = NO;
				GCC_NO_COMMON_BLOCKS = YES;
				GCC_OPTIMIZATION_LEVEL = 0;
				GCC_PREPROCESSOR_DEFINITIONS = (
					"DEBUG=1",
					"$(inherited)",
				);
				GCC_WARN_64_TO_32_BIT_CONVERSION = YES;
				GCC_WARN_ABOUT_RETURN_TYPE = YES_ERROR;
				GCC_WARN_UNDECLARED_SELECTOR = YES;
				GCC_WARN_UNINITIALIZED_AUTOS = YES_AGGRESSIVE;
				GCC_WARN_UNUSED_FUNCTION = YES;
				GCC_WARN_UNUSED_VARIABLE = YES;
				IPHONEOS_DEPLOYMENT_TARGET = 14.0;
				MTL_ENABLE_DEBUG_INFO = INCLUDE_SOURCE;
				MTL_FAST_MATH = YES;
				ONLY_ACTIVE_ARCH = YES;
				SDKROOT = iphoneos;
				SWIFT_ACTIVE_COMPILATION_CONDITIONS = DEBUG;
				SWIFT_OPTIMIZATION_LEVEL = "-Onone";
			};
			name = Debug;
		};
		19AE1F772823C54000B69DC1 /* Release */ = {
			isa = XCBuildConfiguration;
			buildSettings = {
				ALWAYS_SEARCH_USER_PATHS = NO;
				CLANG_ANALYZER_LOCALIZABILITY_NONLOCALIZED = YES;
				CLANG_ANALYZER_NONNULL = YES;
				CLANG_ANALYZER_NUMBER_OBJECT_CONVERSION = YES_AGGRESSIVE;
				CLANG_CXX_LANGUAGE_STANDARD = "gnu++17";
				CLANG_CXX_LIBRARY = "libc++";
				CLANG_ENABLE_MODULES = YES;
				CLANG_ENABLE_OBJC_ARC = YES;
				CLANG_ENABLE_OBJC_WEAK = YES;
				CLANG_WARN_BLOCK_CAPTURE_AUTORELEASING = YES;
				CLANG_WARN_BOOL_CONVERSION = YES;
				CLANG_WARN_COMMA = YES;
				CLANG_WARN_CONSTANT_CONVERSION = YES;
				CLANG_WARN_DEPRECATED_OBJC_IMPLEMENTATIONS = YES;
				CLANG_WARN_DIRECT_OBJC_ISA_USAGE = YES_ERROR;
				CLANG_WARN_DOCUMENTATION_COMMENTS = YES;
				CLANG_WARN_EMPTY_BODY = YES;
				CLANG_WARN_ENUM_CONVERSION = YES;
				CLANG_WARN_INFINITE_RECURSION = YES;
				CLANG_WARN_INT_CONVERSION = YES;
				CLANG_WARN_NON_LITERAL_NULL_CONVERSION = YES;
				CLANG_WARN_OBJC_IMPLICIT_RETAIN_SELF = YES;
				CLANG_WARN_OBJC_LITERAL_CONVERSION = YES;
				CLANG_WARN_OBJC_ROOT_CLASS = YES_ERROR;
				CLANG_WARN_QUOTED_INCLUDE_IN_FRAMEWORK_HEADER = YES;
				CLANG_WARN_RANGE_LOOP_ANALYSIS = YES;
				CLANG_WARN_STRICT_PROTOTYPES = YES;
				CLANG_WARN_SUSPICIOUS_MOVE = YES;
				CLANG_WARN_UNGUARDED_AVAILABILITY = YES_AGGRESSIVE;
				CLANG_WARN_UNREACHABLE_CODE = YES;
				CLANG_WARN__DUPLICATE_METHOD_MATCH = YES;
				COPY_PHASE_STRIP = NO;
				DEBUG_INFORMATION_FORMAT = "dwarf-with-dsym";
				ENABLE_NS_ASSERTIONS = NO;
				ENABLE_STRICT_OBJC_MSGSEND = YES;
				GCC_C_LANGUAGE_STANDARD = gnu11;
				GCC_NO_COMMON_BLOCKS = YES;
				GCC_WARN_64_TO_32_BIT_CONVERSION = YES;
				GCC_WARN_ABOUT_RETURN_TYPE = YES_ERROR;
				GCC_WARN_UNDECLARED_SELECTOR = YES;
				GCC_WARN_UNINITIALIZED_AUTOS = YES_AGGRESSIVE;
				GCC_WARN_UNUSED_FUNCTION = YES;
				GCC_WARN_UNUSED_VARIABLE = YES;
				IPHONEOS_DEPLOYMENT_TARGET = 14.0;
				MTL_ENABLE_DEBUG_INFO = NO;
				MTL_FAST_MATH = YES;
				SDKROOT = iphoneos;
				SWIFT_COMPILATION_MODE = wholemodule;
				SWIFT_OPTIMIZATION_LEVEL = "-O";
				VALIDATE_PRODUCT = YES;
			};
			name = Release;
		};
		19AE1F792823C54000B69DC1 /* Debug */ = {
			isa = XCBuildConfiguration;
			buildSettings = {
				ASSETCATALOG_COMPILER_APPICON_NAME = AppIcon;
				ASSETCATALOG_COMPILER_GLOBAL_ACCENT_COLOR_NAME = AccentColor;
				CODE_SIGN_STYLE = Automatic;
				CURRENT_PROJECT_VERSION = 1;
				DEVELOPMENT_TEAM = MMHQA694HT;
				GENERATE_INFOPLIST_FILE = YES;
				INFOPLIST_FILE = Doggies/Info.plist;
				INFOPLIST_KEY_UIApplicationSupportsIndirectInputEvents = YES;
				INFOPLIST_KEY_UILaunchStoryboardName = LaunchScreen;
				INFOPLIST_KEY_UISupportedInterfaceOrientations_iPad = "UIInterfaceOrientationPortrait UIInterfaceOrientationPortraitUpsideDown UIInterfaceOrientationLandscapeLeft UIInterfaceOrientationLandscapeRight";
				INFOPLIST_KEY_UISupportedInterfaceOrientations_iPhone = "UIInterfaceOrientationPortrait UIInterfaceOrientationLandscapeLeft UIInterfaceOrientationLandscapeRight";
				IPHONEOS_DEPLOYMENT_TARGET = 14.0;
				LD_RUNPATH_SEARCH_PATHS = (
					"$(inherited)",
					"@executable_path/Frameworks",
				);
				MARKETING_VERSION = 1.0;
				PRODUCT_BUNDLE_IDENTIFIER = com.aagudo.Doggies;
				PRODUCT_NAME = "$(TARGET_NAME)";
				SWIFT_EMIT_LOC_STRINGS = YES;
				SWIFT_VERSION = 5.0;
				TARGETED_DEVICE_FAMILY = "1,2";
				TVOS_DEPLOYMENT_TARGET = 13.0;
				URL_HOST = dog.ceo;
			};
			name = Debug;
		};
		19AE1F7A2823C54000B69DC1 /* Release */ = {
			isa = XCBuildConfiguration;
			buildSettings = {
				ASSETCATALOG_COMPILER_APPICON_NAME = AppIcon;
				ASSETCATALOG_COMPILER_GLOBAL_ACCENT_COLOR_NAME = AccentColor;
				CODE_SIGN_STYLE = Automatic;
				CURRENT_PROJECT_VERSION = 1;
				DEVELOPMENT_TEAM = MMHQA694HT;
				GENERATE_INFOPLIST_FILE = YES;
				INFOPLIST_FILE = Doggies/Info.plist;
				INFOPLIST_KEY_UIApplicationSupportsIndirectInputEvents = YES;
				INFOPLIST_KEY_UILaunchStoryboardName = LaunchScreen;
				INFOPLIST_KEY_UISupportedInterfaceOrientations_iPad = "UIInterfaceOrientationPortrait UIInterfaceOrientationPortraitUpsideDown UIInterfaceOrientationLandscapeLeft UIInterfaceOrientationLandscapeRight";
				INFOPLIST_KEY_UISupportedInterfaceOrientations_iPhone = "UIInterfaceOrientationPortrait UIInterfaceOrientationLandscapeLeft UIInterfaceOrientationLandscapeRight";
				IPHONEOS_DEPLOYMENT_TARGET = 14.0;
				LD_RUNPATH_SEARCH_PATHS = (
					"$(inherited)",
					"@executable_path/Frameworks",
				);
				MARKETING_VERSION = 1.0;
				PRODUCT_BUNDLE_IDENTIFIER = com.aagudo.Doggies;
				PRODUCT_NAME = "$(TARGET_NAME)";
				SWIFT_EMIT_LOC_STRINGS = YES;
				SWIFT_VERSION = 5.0;
				TARGETED_DEVICE_FAMILY = "1,2";
				TVOS_DEPLOYMENT_TARGET = 13.0;
				URL_HOST = dog.ceo;
			};
			name = Release;
		};
		19AE1F7C2823C54000B69DC1 /* Debug */ = {
			isa = XCBuildConfiguration;
			buildSettings = {
				ALWAYS_EMBED_SWIFT_STANDARD_LIBRARIES = YES;
				BUNDLE_LOADER = "$(TEST_HOST)";
				CODE_SIGN_STYLE = Automatic;
				CURRENT_PROJECT_VERSION = 1;
				DEVELOPMENT_TEAM = MMHQA694HT;
				GENERATE_INFOPLIST_FILE = YES;
				IPHONEOS_DEPLOYMENT_TARGET = 15.2;
				MARKETING_VERSION = 1.0;
				PRODUCT_BUNDLE_IDENTIFIER = com.aagudo.DoggiesTests;
				PRODUCT_NAME = "$(TARGET_NAME)";
				SWIFT_EMIT_LOC_STRINGS = NO;
				SWIFT_VERSION = 5.0;
				TARGETED_DEVICE_FAMILY = "1,2";
				TEST_HOST = "$(BUILT_PRODUCTS_DIR)/Doggies.app/Doggies";
			};
			name = Debug;
		};
		19AE1F7D2823C54000B69DC1 /* Release */ = {
			isa = XCBuildConfiguration;
			buildSettings = {
				ALWAYS_EMBED_SWIFT_STANDARD_LIBRARIES = YES;
				BUNDLE_LOADER = "$(TEST_HOST)";
				CODE_SIGN_STYLE = Automatic;
				CURRENT_PROJECT_VERSION = 1;
				DEVELOPMENT_TEAM = MMHQA694HT;
				GENERATE_INFOPLIST_FILE = YES;
				IPHONEOS_DEPLOYMENT_TARGET = 15.2;
				MARKETING_VERSION = 1.0;
				PRODUCT_BUNDLE_IDENTIFIER = com.aagudo.DoggiesTests;
				PRODUCT_NAME = "$(TARGET_NAME)";
				SWIFT_EMIT_LOC_STRINGS = NO;
				SWIFT_VERSION = 5.0;
				TARGETED_DEVICE_FAMILY = "1,2";
				TEST_HOST = "$(BUILT_PRODUCTS_DIR)/Doggies.app/Doggies";
			};
			name = Release;
		};
		19AE1F7F2823C54000B69DC1 /* Debug */ = {
			isa = XCBuildConfiguration;
			buildSettings = {
				ALWAYS_EMBED_SWIFT_STANDARD_LIBRARIES = YES;
				CODE_SIGN_STYLE = Automatic;
				CURRENT_PROJECT_VERSION = 1;
				DEVELOPMENT_TEAM = MMHQA694HT;
				GENERATE_INFOPLIST_FILE = YES;
				MARKETING_VERSION = 1.0;
				PRODUCT_BUNDLE_IDENTIFIER = com.aagudo.DoggiesUITests;
				PRODUCT_NAME = "$(TARGET_NAME)";
				SWIFT_EMIT_LOC_STRINGS = NO;
				SWIFT_VERSION = 5.0;
				TARGETED_DEVICE_FAMILY = "1,2";
				TEST_TARGET_NAME = Doggies;
			};
			name = Debug;
		};
		19AE1F802823C54000B69DC1 /* Release */ = {
			isa = XCBuildConfiguration;
			buildSettings = {
				ALWAYS_EMBED_SWIFT_STANDARD_LIBRARIES = YES;
				CODE_SIGN_STYLE = Automatic;
				CURRENT_PROJECT_VERSION = 1;
				DEVELOPMENT_TEAM = MMHQA694HT;
				GENERATE_INFOPLIST_FILE = YES;
				MARKETING_VERSION = 1.0;
				PRODUCT_BUNDLE_IDENTIFIER = com.aagudo.DoggiesUITests;
				PRODUCT_NAME = "$(TARGET_NAME)";
				SWIFT_EMIT_LOC_STRINGS = NO;
				SWIFT_VERSION = 5.0;
				TARGETED_DEVICE_FAMILY = "1,2";
				TEST_TARGET_NAME = Doggies;
			};
			name = Release;
		};
/* End XCBuildConfiguration section */

/* Begin XCConfigurationList section */
		19AE1F492823C53F00B69DC1 /* Build configuration list for PBXProject "Doggies" */ = {
			isa = XCConfigurationList;
			buildConfigurations = (
				19AE1F762823C54000B69DC1 /* Debug */,
				19AE1F772823C54000B69DC1 /* Release */,
			);
			defaultConfigurationIsVisible = 0;
			defaultConfigurationName = Release;
		};
		19AE1F782823C54000B69DC1 /* Build configuration list for PBXNativeTarget "Doggies" */ = {
			isa = XCConfigurationList;
			buildConfigurations = (
				19AE1F792823C54000B69DC1 /* Debug */,
				19AE1F7A2823C54000B69DC1 /* Release */,
			);
			defaultConfigurationIsVisible = 0;
			defaultConfigurationName = Release;
		};
		19AE1F7B2823C54000B69DC1 /* Build configuration list for PBXNativeTarget "DoggiesTests" */ = {
			isa = XCConfigurationList;
			buildConfigurations = (
				19AE1F7C2823C54000B69DC1 /* Debug */,
				19AE1F7D2823C54000B69DC1 /* Release */,
			);
			defaultConfigurationIsVisible = 0;
			defaultConfigurationName = Release;
		};
		19AE1F7E2823C54000B69DC1 /* Build configuration list for PBXNativeTarget "DoggiesUITests" */ = {
			isa = XCConfigurationList;
			buildConfigurations = (
				19AE1F7F2823C54000B69DC1 /* Debug */,
				19AE1F802823C54000B69DC1 /* Release */,
			);
			defaultConfigurationIsVisible = 0;
			defaultConfigurationName = Release;
		};
/* End XCConfigurationList section */

/* Begin XCRemoteSwiftPackageReference section */
		193C07B328252987002F621C /* XCRemoteSwiftPackageReference "Nuke" */ = {
			isa = XCRemoteSwiftPackageReference;
			repositoryURL = "https://github.com/kean/Nuke.git";
			requirement = {
				kind = upToNextMajorVersion;
				minimumVersion = 9.0.0;
			};
		};
/* End XCRemoteSwiftPackageReference section */

/* Begin XCSwiftPackageProductDependency section */
		193C07B428252987002F621C /* Nuke */ = {
			isa = XCSwiftPackageProductDependency;
			package = 193C07B328252987002F621C /* XCRemoteSwiftPackageReference "Nuke" */;
			productName = Nuke;
		};
/* End XCSwiftPackageProductDependency section */
	};
	rootObject = 19AE1F462823C53F00B69DC1 /* Project object */;
}
